
Microsoft Visual Studio Solution File, Format Version 12.00
# Visual Studio Version 17
VisualStudioVersion = 17.10.35122.118
MinimumVisualStudioVersion = 10.0.40219.1
Project("{8BC9CEB8-8B4A-11D0-8D11-00A0C91BC942}") = "gielda", "gielda.vcxproj", "{E9E269EC-C0FF-4A46-B27A-B278DB28B652}"
EndProject
Global
	GlobalSection(SolutionConfigurationPlatforms) = preSolution
		Debug|x64 = Debug|x64
		Debug|x86 = Debug|x86
		Release|x64 = Release|x64
		Release|x86 = Release|x86
	EndGlobalSection
	GlobalSection(ProjectConfigurationPlatforms) = postSolution
		{E9E269EC-C0FF-4A46-B27A-B278DB28B652}.Debug|x64.ActiveCfg = Debug|x64
		{E9E269EC-C0FF-4A46-B27A-B278DB28B652}.Debug|x64.Build.0 = Debug|x64
		{E9E269EC-C0FF-4A46-B27A-B278DB28B652}.Debug|x86.ActiveCfg = Debug|Win32
		{E9E269EC-C0FF-4A46-B27A-B278DB28B652}.Debug|x86.Build.0 = Debug|Win32
		{E9E269EC-C0FF-4A46-B27A-B278DB28B652}.Release|x64.ActiveCfg = Release|x64
		{E9E269EC-C0FF-4A46-B27A-B278DB28B652}.Release|x64.Build.0 = Release|x64
		{E9E269EC-C0FF-4A46-B27A-B278DB28B652}.Release|x86.ActiveCfg = Release|Win32
		{E9E269EC-C0FF-4A46-B27A-B278DB28B652}.Release|x86.Build.0 = Release|Win32
	EndGlobalSection
	GlobalSection(SolutionProperties) = preSolution
		HideSolutionNode = FALSE
	EndGlobalSection
	GlobalSection(ExtensibilityGlobals) = postSolution
		SolutionGuid = {CD321C63-0C2F-4309-BE8E-3BFA04574E5A}
	EndGlobalSection
EndGlobal
