
Microsoft Visual Studio Solution File, Format Version 12.00
# Visual Studio Version 17
VisualStudioVersion = 17.10.35122.118
MinimumVisualStudioVersion = 10.0.40219.1
Project("{8BC9CEB8-8B4A-11D0-8D11-00A0C91BC942}") = "tablice2", "tablice2.vcxproj", "{5073ED0A-3036-4A06-9649-7866D5D6E429}"
EndProject
Global
	GlobalSection(SolutionConfigurationPlatforms) = preSolution
		Debug|x64 = Debug|x64
		Debug|x86 = Debug|x86
		Release|x64 = Release|x64
		Release|x86 = Release|x86
	EndGlobalSection
	GlobalSection(ProjectConfigurationPlatforms) = postSolution
		{5073ED0A-3036-4A06-9649-7866D5D6E429}.Debug|x64.ActiveCfg = Debug|x64
		{5073ED0A-3036-4A06-9649-7866D5D6E429}.Debug|x64.Build.0 = Debug|x64
		{5073ED0A-3036-4A06-9649-7866D5D6E429}.Debug|x86.ActiveCfg = Debug|Win32
		{5073ED0A-3036-4A06-9649-7866D5D6E429}.Debug|x86.Build.0 = Debug|Win32
		{5073ED0A-3036-4A06-9649-7866D5D6E429}.Release|x64.ActiveCfg = Release|x64
		{5073ED0A-3036-4A06-9649-7866D5D6E429}.Release|x64.Build.0 = Release|x64
		{5073ED0A-3036-4A06-9649-7866D5D6E429}.Release|x86.ActiveCfg = Release|Win32
		{5073ED0A-3036-4A06-9649-7866D5D6E429}.Release|x86.Build.0 = Release|Win32
	EndGlobalSection
	GlobalSection(SolutionProperties) = preSolution
		HideSolutionNode = FALSE
	EndGlobalSection
	GlobalSection(ExtensibilityGlobals) = postSolution
		SolutionGuid = {A536A74C-D2B1-48FC-814D-63D5F555D9C6}
	EndGlobalSection
EndGlobal
